
Microsoft Visual Studio Solution File, Format Version 12.00
# Visual Studio Version 16
VisualStudioVersion = 16.0.32602.291
MinimumVisualStudioVersion = 10.0.40219.1
Project("{FAE04EC0-301F-11D3-BF4B-00C04F79EFBC}") = "ConsoleMVC", "ConsoleMVC\ConsoleMVC.csproj", "{1A0C8E95-CDFA-4F2A-A5C5-516F45B2D626}"
EndProject
Global
	GlobalSection(SolutionConfigurationPlatforms) = preSolution
		Debug|Any CPU = Debug|Any CPU
		Release|Any CPU = Release|Any CPU
	EndGlobalSection
	GlobalSection(ProjectConfigurationPlatforms) = postSolution
		{1A0C8E95-CDFA-4F2A-A5C5-516F45B2D626}.Debug|Any CPU.ActiveCfg = Debug|Any CPU
		{1A0C8E95-CDFA-4F2A-A5C5-516F45B2D626}.Debug|Any CPU.Build.0 = Debug|Any CPU
		{1A0C8E95-CDFA-4F2A-A5C5-516F45B2D626}.Release|Any CPU.ActiveCfg = Release|Any CPU
		{1A0C8E95-CDFA-4F2A-A5C5-516F45B2D626}.Release|Any CPU.Build.0 = Release|Any CPU
	EndGlobalSection
	GlobalSection(SolutionProperties) = preSolution
		HideSolutionNode = FALSE
	EndGlobalSection
	GlobalSection(ExtensibilityGlobals) = postSolution
		SolutionGuid = {1795E719-1999-4A90-B498-00F4B55B94E0}
	EndGlobalSection
EndGlobal
